github.com/google/go-cmp v0.5.5 h1:Khx7svrCpmxxtHBq5j2mp/xVjsi8hQMfNLvJFAlrGgU=
github.com/google/go-cmp v0.5.5/go.mod h1:v8dTdLbMG2kIc/vJvl+f65V22dbkXbowE6jgT/gNBxE=
github.com/google/gofuzz v1.0.0 h1:A8PeW59pxE9IoFRqBp37U+mSNaQoZ46F1f0f863XSXw=
github.com/google/gofuzz v1.0.0/go.mod h1:dBl0BpW6vV/+mYPU4Po3pmUjxk6FQPldtuIdl/M65Eg=
github.com/philpearl/plenc v0.0.12 h1:3NICRU0tX5Zro62r9doV7BIn4P7Y8at0p5DFC/TAzz0=
github.com/philpearl/plenc v0.0.12/go.mod h1:GF9eYcdIGQkByehQ88M41zDihg0N0v/XLVR5K7IiHJk=
